
Microsoft Visual Studio Solution File, Format Version 12.00
# Visual Studio Version 17
VisualStudioVersion = 17.0.31903.59
MinimumVisualStudioVersion = 10.0.40219.1
Project("{FAE04EC0-301F-11D3-BF4B-00C04F79EFBC}") = "STMM.API", "STMM.API\STMM.API.csproj", "{20B505F2-9DAF-4DEB-9F0F-655F4EDF2C00}"
EndProject
Project("{FAE04EC0-301F-11D3-BF4B-00C04F79EFBC}") = "STMM.Business", "STMM.Business\STMM.Business.csproj", "{6200360A-E129-4115-8684-8E769FCACBCA}"
EndProject
Project("{FAE04EC0-301F-11D3-BF4B-00C04F79EFBC}") = "STMM.DataAccess", "STMM.DataAccess\STMM.DataAccess.csproj", "{C94D3B7A-A59C-47B2-9FCA-042A77E328E5}"
EndProject
Global
	GlobalSection(SolutionConfigurationPlatforms) = preSolution
		Debug|Any CPU = Debug|Any CPU
		Debug|x64 = Debug|x64
		Debug|x86 = Debug|x86
		Release|Any CPU = Release|Any CPU
		Release|x64 = Release|x64
		Release|x86 = Release|x86
	EndGlobalSection
	GlobalSection(ProjectConfigurationPlatforms) = postSolution
		{20B505F2-9DAF-4DEB-9F0F-655F4EDF2C00}.Debug|Any CPU.ActiveCfg = Debug|Any CPU
		{20B505F2-9DAF-4DEB-9F0F-655F4EDF2C00}.Debug|Any CPU.Build.0 = Debug|Any CPU
		{20B505F2-9DAF-4DEB-9F0F-655F4EDF2C00}.Debug|x64.ActiveCfg = Debug|Any CPU
		{20B505F2-9DAF-4DEB-9F0F-655F4EDF2C00}.Debug|x64.Build.0 = Debug|Any CPU
		{20B505F2-9DAF-4DEB-9F0F-655F4EDF2C00}.Debug|x86.ActiveCfg = Debug|Any CPU
		{20B505F2-9DAF-4DEB-9F0F-655F4EDF2C00}.Debug|x86.Build.0 = Debug|Any CPU
		{20B505F2-9DAF-4DEB-9F0F-655F4EDF2C00}.Release|Any CPU.ActiveCfg = Release|Any CPU
		{20B505F2-9DAF-4DEB-9F0F-655F4EDF2C00}.Release|Any CPU.Build.0 = Release|Any CPU
		{20B505F2-9DAF-4DEB-9F0F-655F4EDF2C00}.Release|x64.ActiveCfg = Release|Any CPU
		{20B505F2-9DAF-4DEB-9F0F-655F4EDF2C00}.Release|x64.Build.0 = Release|Any CPU
		{20B505F2-9DAF-4DEB-9F0F-655F4EDF2C00}.Release|x86.ActiveCfg = Release|Any CPU
		{20B505F2-9DAF-4DEB-9F0F-655F4EDF2C00}.Release|x86.Build.0 = Release|Any CPU
		{6200360A-E129-4115-8684-8E769FCACBCA}.Debug|Any CPU.ActiveCfg = Debug|Any CPU
		{6200360A-E129-4115-8684-8E769FCACBCA}.Debug|Any CPU.Build.0 = Debug|Any CPU
		{6200360A-E129-4115-8684-8E769FCACBCA}.Debug|x64.ActiveCfg = Debug|Any CPU
		{6200360A-E129-4115-8684-8E769FCACBCA}.Debug|x64.Build.0 = Debug|Any CPU
		{6200360A-E129-4115-8684-8E769FCACBCA}.Debug|x86.ActiveCfg = Debug|Any CPU
		{6200360A-E129-4115-8684-8E769FCACBCA}.Debug|x86.Build.0 = Debug|Any CPU
		{6200360A-E129-4115-8684-8E769FCACBCA}.Release|Any CPU.ActiveCfg = Release|Any CPU
		{6200360A-E129-4115-8684-8E769FCACBCA}.Release|Any CPU.Build.0 = Release|Any CPU
		{6200360A-E129-4115-8684-8E769FCACBCA}.Release|x64.ActiveCfg = Release|Any CPU
		{6200360A-E129-4115-8684-8E769FCACBCA}.Release|x64.Build.0 = Release|Any CPU
		{6200360A-E129-4115-8684-8E769FCACBCA}.Release|x86.ActiveCfg = Release|Any CPU
		{6200360A-E129-4115-8684-8E769FCACBCA}.Release|x86.Build.0 = Release|Any CPU
		{C94D3B7A-A59C-47B2-9FCA-042A77E328E5}.Debug|Any CPU.ActiveCfg = Debug|Any CPU
		{C94D3B7A-A59C-47B2-9FCA-042A77E328E5}.Debug|Any CPU.Build.0 = Debug|Any CPU
		{C94D3B7A-A59C-47B2-9FCA-042A77E328E5}.Debug|x64.ActiveCfg = Debug|Any CPU
		{C94D3B7A-A59C-47B2-9FCA-042A77E328E5}.Debug|x64.Build.0 = Debug|Any CPU
		{C94D3B7A-A59C-47B2-9FCA-042A77E328E5}.Debug|x86.ActiveCfg = Debug|Any CPU
		{C94D3B7A-A59C-47B2-9FCA-042A77E328E5}.Debug|x86.Build.0 = Debug|Any CPU
		{C94D3B7A-A59C-47B2-9FCA-042A77E328E5}.Release|Any CPU.ActiveCfg = Release|Any CPU
		{C94D3B7A-A59C-47B2-9FCA-042A77E328E5}.Release|Any CPU.Build.0 = Release|Any CPU
		{C94D3B7A-A59C-47B2-9FCA-042A77E328E5}.Release|x64.ActiveCfg = Release|Any CPU
		{C94D3B7A-A59C-47B2-9FCA-042A77E328E5}.Release|x64.Build.0 = Release|Any CPU
		{C94D3B7A-A59C-47B2-9FCA-042A77E328E5}.Release|x86.ActiveCfg = Release|Any CPU
		{C94D3B7A-A59C-47B2-9FCA-042A77E328E5}.Release|x86.Build.0 = Release|Any CPU
	EndGlobalSection
	GlobalSection(SolutionProperties) = preSolution
		HideSolutionNode = FALSE
	EndGlobalSection
EndGlobal
